{
  "nodes": {
    "flake-compat": {
      "flake": false,
      "locked": {
        "lastModified": 1673956053,
        "narHash": "sha256-4gtG9iQuiKITOjNQQeQIpoIB6b16fm+504Ch3sNKLd8=",
        "owner": "edolstra",
        "repo": "flake-compat",
        "rev": "35bb57c0c8d8b62bbfd284272c928ceb64ddbde9",
        "type": "github"
      },
      "original": {
        "owner": "edolstra",
        "repo": "flake-compat",
        "type": "github"
      }
    },
    "flake-utils": {
      "locked": {
        "lastModified": 1678901627,
        "narHash": "sha256-U02riOqrKKzwjsxc/400XnElV+UtPUQWpANPlyazjH0=",
        "owner": "numtide",
        "repo": "flake-utils",
        "rev": "93a2b84fc4b70d9e089d029deacc3583435c2ed6",
        "type": "github"
      },
      "original": {
        "owner": "numtide",
        "repo": "flake-utils",
        "type": "github"
      }
    },
    "home-manager": {
      "inputs": {
        "nixpkgs": [
          "nixpkgs"
        ],
        "utils": "utils"
      },
      "locked": {
        "lastModified": 1680874824,
        "narHash": "sha256-XPDU+ZD9EH9TY0iBytE/QpJYfyoNjeMiNWMMhKi+DvM=",
        "path": "/nix/repos/nix-community.home-manager.master",
        "type": "path"
      },
      "original": {
        "path": "/nix/repos/nix-community.home-manager.master",
        "type": "path"
      }
    },
    "nixos-wsl": {
      "inputs": {
        "flake-compat": "flake-compat",
        "flake-utils": "flake-utils",
        "nixpkgs": [
          "nixpkgs"
        ]
      },
      "locked": {
        "lastModified": 1680874827,
        "narHash": "sha256-hEQcdrMTHGykMGfEaPimqwC94sn+dmHr5/uNtAYgzuI=",
        "path": "/nix/repos/nix-community.NixOS-WSL.main",
        "type": "path"
      },
      "original": {
        "path": "/nix/repos/nix-community.NixOS-WSL.main",
        "type": "path"
      }
    },
    "nixpkgs": {
      "locked": {
        "lastModified": 0,
        "narHash": "sha256-zKEXI8HNysTck7XZpxVjkRIDjM/hRnxEab3euVZ561E=",
        "path": "/nix/repos/NixOS.nixpkgs.nixos-unstable",
        "type": "path"
      },
      "original": {
        "path": "/nix/repos/NixOS.nixpkgs.nixos-unstable",
        "type": "path"
      }
    },
    "root": {
      "inputs": {
        "home-manager": "home-manager",
        "nixos-wsl": "nixos-wsl",
        "nixpkgs": "nixpkgs",
        "vscode-server": "vscode-server"
      }
    },
    "utils": {
      "locked": {
        "lastModified": 1678901627,
        "narHash": "sha256-U02riOqrKKzwjsxc/400XnElV+UtPUQWpANPlyazjH0=",
        "owner": "numtide",
        "repo": "flake-utils",
        "rev": "93a2b84fc4b70d9e089d029deacc3583435c2ed6",
        "type": "github"
      },
      "original": {
        "owner": "numtide",
        "repo": "flake-utils",
        "type": "github"
      }
    },
    "vscode-server": {
      "inputs": {
        "nixpkgs": [
          "nixpkgs"
        ]
      },
      "locked": {
        "lastModified": 1680874831,
        "narHash": "sha256-AmxtYGkeSzMtoDg3YefIG8KNxDoDEQfgLQIj7eUSn0o=",
        "path": "/nix/repos/msteen.nixos-vscode-server.master",
        "type": "path"
      },
      "original": {
        "path": "/nix/repos/msteen.nixos-vscode-server.master",
        "type": "path"
      }
    }
  },
  "root": "root",
  "version": 7
}
